
Microsoft Visual Studio Solution File, Format Version 12.00
# Visual Studio 2012
Project("{FAE04EC0-301F-11D3-BF4B-00C04F79EFBC}") = "ListadeCompras", "ListadeCompras\ListadeCompras.csproj", "{E2BE8F8F-87AD-4247-BD91-5EEA50B0DA5C}"
EndProject
Global
	GlobalSection(SolutionConfigurationPlatforms) = preSolution
		Debug|iPhoneSimulator = Debug|iPhoneSimulator
		Release|iPhone = Release|iPhone
		Release|iPhoneSimulator = Release|iPhoneSimulator
		Debug|iPhone = Debug|iPhone
	EndGlobalSection
	GlobalSection(ProjectConfigurationPlatforms) = postSolution
		{E2BE8F8F-87AD-4247-BD91-5EEA50B0DA5C}.Debug|iPhoneSimulator.ActiveCfg = Debug|iPhoneSimulator
		{E2BE8F8F-87AD-4247-BD91-5EEA50B0DA5C}.Debug|iPhoneSimulator.Build.0 = Debug|iPhoneSimulator
		{E2BE8F8F-87AD-4247-BD91-5EEA50B0DA5C}.Release|iPhone.ActiveCfg = Release|iPhone
		{E2BE8F8F-87AD-4247-BD91-5EEA50B0DA5C}.Release|iPhone.Build.0 = Release|iPhone
		{E2BE8F8F-87AD-4247-BD91-5EEA50B0DA5C}.Release|iPhoneSimulator.ActiveCfg = Release|iPhoneSimulator
		{E2BE8F8F-87AD-4247-BD91-5EEA50B0DA5C}.Release|iPhoneSimulator.Build.0 = Release|iPhoneSimulator
		{E2BE8F8F-87AD-4247-BD91-5EEA50B0DA5C}.Debug|iPhone.ActiveCfg = Debug|iPhone
		{E2BE8F8F-87AD-4247-BD91-5EEA50B0DA5C}.Debug|iPhone.Build.0 = Debug|iPhone
	EndGlobalSection
EndGlobal
