
Microsoft Visual Studio Solution File, Format Version 12.00
# Visual Studio 2012
Project("{FAE04EC0-301F-11D3-BF4B-00C04F79EFBC}") = "Prueba1", "Prueba1\Prueba1.csproj", "{3437AAF1-4815-434F-B1E8-566F0F05E7F3}"
EndProject
Global
	GlobalSection(SolutionConfigurationPlatforms) = preSolution
		Debug|iPhoneSimulator = Debug|iPhoneSimulator
		Release|iPhone = Release|iPhone
		Release|iPhoneSimulator = Release|iPhoneSimulator
		Debug|iPhone = Debug|iPhone
	EndGlobalSection
	GlobalSection(ProjectConfigurationPlatforms) = postSolution
		{3437AAF1-4815-434F-B1E8-566F0F05E7F3}.Debug|iPhoneSimulator.ActiveCfg = Debug|iPhoneSimulator
		{3437AAF1-4815-434F-B1E8-566F0F05E7F3}.Debug|iPhoneSimulator.Build.0 = Debug|iPhoneSimulator
		{3437AAF1-4815-434F-B1E8-566F0F05E7F3}.Release|iPhone.ActiveCfg = Release|iPhone
		{3437AAF1-4815-434F-B1E8-566F0F05E7F3}.Release|iPhone.Build.0 = Release|iPhone
		{3437AAF1-4815-434F-B1E8-566F0F05E7F3}.Release|iPhoneSimulator.ActiveCfg = Release|iPhoneSimulator
		{3437AAF1-4815-434F-B1E8-566F0F05E7F3}.Release|iPhoneSimulator.Build.0 = Release|iPhoneSimulator
		{3437AAF1-4815-434F-B1E8-566F0F05E7F3}.Debug|iPhone.ActiveCfg = Debug|iPhone
		{3437AAF1-4815-434F-B1E8-566F0F05E7F3}.Debug|iPhone.Build.0 = Debug|iPhone
	EndGlobalSection
EndGlobal
